dependencies:
- name: app
  repository: file://../_app
  version: 0.1.0
- name: email
  repository: file://../_email
  version: 0.1.0
- name: mongodb
  repository: https://charts.bitnami.com/bitnami
  version: 14.10.1
digest: sha256:a8a99cc0922b30ddc6b2c27e02f24f91efb089747c291cc1bc6c89255f179177
generated: "2024-02-19T13:30:51.672331174Z"
