dependencies:
- name: app
  repository: file://../_app
  version: 0.1.0
- name: email
  repository: file://../_email
  version: 0.1.0
- name: mongodb
  repository: https://charts.bitnami.com/bitnami
  version: 18.7.0
- name: nats
  repository: file://../_nats
  version: 0.1.0
- name: nats-provision
  repository: file://../_nats_provision
  version: 0.1.0
- name: weasyprint
  repository: https://bcgov.github.io/weasyprint
  version: 0.1.7
- name: ches-mock
  repository: file://../_ches-mock
  version: 0.1.0
- name: mailpit
  repository: file://../_mailpit
  version: 0.1.0
digest: sha256:ae6c1bc032acb0de720462dd5348d6dfcb9d5f3cf44f7e60f4c5cf40df2de906
generated: "2026-05-08T14:48:53.769886238Z"
