dependencies:
- name: app
  repository: file://../_app
  version: 0.1.0
- name: email
  repository: file://../_email
  version: 0.1.0
- name: mongodb
  repository: https://charts.bitnami.com/bitnami
  version: 19.1.36
- name: nats
  repository: file://../_nats
  version: 0.1.0
- name: nats-provision
  repository: file://../_nats_provision
  version: 0.1.0
- name: weasyprint
  repository: https://bcgov.github.io/weasyprint
  version: 0.1.7
- name: ches-mock
  repository: file://../_ches-mock
  version: 0.1.0
- name: mailpit
  repository: file://../_mailpit
  version: 0.1.0
digest: sha256:0eba7a2e8fdd25f0e795486d4ef4ce3cb6bea497e96bf3d7dacfed6dfa322b7c
generated: "2026-08-22T12:29:17.18927279Z"
