{
  "requires": true,
  "lockfileVersion": 1,
  "dependencies": {
    "@babel/runtime": {
      "version": "7.13.10",
      "resolved": "https://registry.npmjs.org/@babel/runtime/-/runtime-7.13.10.tgz",
      "integrity": "sha512-4QPkjJq6Ns3V/RgpEahRk+AGfL0eO6RHHtTWoNNr5mO49G6B5+X6d6THgWEAvTrznU5xYpbAlVKRYcsCgh/Akw==",
      "requires": {
        "regenerator-runtime": "^0.13.4"
      }
    },
    "final-form": {
      "version": "4.20.2",
      "resolved": "https://registry.npmjs.org/final-form/-/final-form-4.20.2.tgz",
      "integrity": "sha512-5i0IxqwjjPG1nUNCjWhqPCvQJJ2R+QwTwaAnjPmFnLbyjIHWuBPU8u+Ps4G3TcX2Sjno+O5xCZJzYcMJEzzfCQ==",
      "requires": {
        "@babel/runtime": "^7.10.0"
      }
    },
    "final-form-arrays": {
      "version": "3.0.2",
      "resolved": "https://registry.npmjs.org/final-form-arrays/-/final-form-arrays-3.0.2.tgz",
      "integrity": "sha512-TfO8aZNz3RrsZCDx8GHMQcyztDNpGxSSi9w4wpSNKlmv2PfFWVVM8P7Yj5tj4n0OWax+x5YwTLhT5BnqSlCi+w=="
    },
    "react-final-form": {
      "version": "6.5.3",
      "resolved": "https://registry.npmjs.org/react-final-form/-/react-final-form-6.5.3.tgz",
      "integrity": "sha512-FCs6GC0AMWJl2p6YX7kM+a0AvuSLAZUgbVNtRBskOs4g984t/It0qGtx51O+9vgqnqk6JyoxmIzxKMq+7ch/vg==",
      "requires": {
        "@babel/runtime": "^7.12.1"
      }
    },
    "regenerator-runtime": {
      "version": "0.13.7",
      "resolved": "https://registry.npmjs.org/regenerator-runtime/-/regenerator-runtime-0.13.7.tgz",
      "integrity": "sha512-a54FxoJDIr27pgf7IgeQGxmqUNYrcV338lf/6gH456HZ/PhX+5BcwHXG9ajESmwe6WRO0tAzRUrRmNONWgkrew=="
    }
  }
}
