dependencies:
- name: airflow
  repository: https://airflow.apache.org/
  version: 1.11.0
- name: postgresql
  repository: https://charts.bitnami.com/bitnami
  version: 12.12.10
digest: sha256:5eae732f5cf0e044bcac18566a80413e1e58cbc684947576177a377136b5ecf0
generated: "2023-12-13T21:10:56.782857234Z"
