dependencies:
- name: airflow
  repository: https://airflow.apache.org/
  version: 1.11.0
- name: postgresql
  repository: https://charts.bitnami.com/bitnami
  version: 13.4.0
- name: sonarqube
  repository: https://SonarSource.github.io/helm-chart-sonarqube
  version: 10.3.0+2009
digest: sha256:3bffb44307e2daa07b6d51aebfba991e88d68224b3f484017dbb9eddbcd02689
generated: "2024-01-22T11:53:45.003637321Z"
