dependencies:
- name: airflow
  repository: https://airflow.apache.org/
  version: 1.18.0
- name: postgresql
  repository: https://charts.bitnami.com/bitnami
  version: 18.2.3
- name: sonarqube
  repository: https://SonarSource.github.io/helm-chart-sonarqube
  version: 2025.6.1
- name: minio
  repository: https://charts.min.io/
  version: 5.4.0
- name: mongodb
  repository: https://charts.bitnami.com/bitnami
  version: 18.2.0
- name: sorry-cypress
  repository: https://sorry-cypress.github.io/charts
  version: 1.20.0
digest: sha256:b9f9d72c4fe744f2d36355ad933ca2bfc1c3b0442b546b43eb200271d3d3d9e6
generated: "2026-01-19T22:20:56.499608759Z"
