dependencies:
- name: airflow
  repository: https://airflow.apache.org/
  version: 1.22.0
- name: postgresql
  repository: https://charts.bitnami.com/bitnami
  version: 18.8.0
- name: sonarqube
  repository: https://SonarSource.github.io/helm-chart-sonarqube
  version: 2026.3.1
- name: minio
  repository: https://charts.min.io/
  version: 5.4.0
- name: mongodb
  repository: https://charts.bitnami.com/bitnami
  version: 19.1.20
- name: sorry-cypress
  repository: https://sorry-cypress.github.io/charts
  version: 1.20.0
digest: sha256:b233ee59745c5c9cfc1ae5fd215a290362410ec53c5723ec5f63a88b4511a205
generated: "2026-07-23T08:36:18.495506053Z"
