dependencies:
- name: airflow
  repository: https://airflow.apache.org/
  version: 1.15.0
- name: postgresql
  repository: https://charts.bitnami.com/bitnami
  version: 13.3.0
- name: sonarqube
  repository: https://SonarSource.github.io/helm-chart-sonarqube
  version: 2025.1.1
digest: sha256:444a351d6223119a6f2a05bf865fe65912e4f938e62802612eb9505d1480ca14
generated: "2025-03-13T20:48:56.503053944Z"
